// !$*UTF8*$!
{
	archiveVersion = 1;
	classes = {
	};
	objectVersion = 56;
	objects = {

/* Begin PBXBuildFile section */
		22097CAE2F3FF69184F333CD /* Pods_Pinsoft_WeatherAppTests.framework in Frameworks */ = {isa = PBXBuildFile; fileRef = FE07BB39BA0A7D0369CB9D8A /* Pods_Pinsoft_WeatherAppTests.framework */; };
		A20CDF1F2C3EA61800CFED10 /* FirebaseAppDistribution-Beta in Frameworks */ = {isa = PBXBuildFile; productRef = A20CDF1E2C3EA61800CFED10 /* FirebaseAppDistribution-Beta */; };
		A20CDF212C3EC0F100CFED10 /* CrashViewController.swift in Sources */ = {isa = PBXBuildFile; fileRef = A20CDF202C3EC0F100CFED10 /* CrashViewController.swift */; };
		A21D2B902C357CD6001AE115 /* WeatherDescription.swift in Sources */ = {isa = PBXBuildFile; fileRef = A21D2B8F2C357CD6001AE115 /* WeatherDescription.swift */; };
		A21D2B942C358B86001AE115 /* PWLabel.swift in Sources */ = {isa = PBXBuildFile; fileRef = A21D2B932C358B86001AE115 /* PWLabel.swift */; };
		A21D2B972C358E19001AE115 /* PWImageView.swift in Sources */ = {isa = PBXBuildFile; fileRef = A21D2B962C358E19001AE115 /* PWImageView.swift */; };
		A21D2B9A2C3594EA001AE115 /* PWStackView.swift in Sources */ = {isa = PBXBuildFile; fileRef = A21D2B992C3594EA001AE115 /* PWStackView.swift */; };
		A22549EB2C3E894B002EA024 /* GoogleService-Info.plist in Resources */ = {isa = PBXBuildFile; fileRef = A22549EA2C3E894B002EA024 /* GoogleService-Info.plist */; };
		A22549EC2C3E894B002EA024 /* GoogleService-Info.plist in Resources */ = {isa = PBXBuildFile; fileRef = A22549EA2C3E894B002EA024 /* GoogleService-Info.plist */; };
		A22549F22C3E8AA9002EA024 /* FirebaseCrashlytics in Frameworks */ = {isa = PBXBuildFile; productRef = A22549F12C3E8AA9002EA024 /* FirebaseCrashlytics */; };
		A229449B2C41138E00857796 /* PWEmptyFavoritesView.swift in Sources */ = {isa = PBXBuildFile; fileRef = A229449A2C41138E00857796 /* PWEmptyFavoritesView.swift */; };
		A2310CEC2C3687C4009BFF06 /* Date+Extension.swift in Sources */ = {isa = PBXBuildFile; fileRef = A2310CEB2C3687C4009BFF06 /* Date+Extension.swift */; };
		A2310CEE2C368B9A009BFF06 /* WeatherDescription+Extension.swift in Sources */ = {isa = PBXBuildFile; fileRef = A2310CED2C368B9A009BFF06 /* WeatherDescription+Extension.swift */; };
		A2310CF02C369958009BFF06 /* UIImageView+Extension.swift in Sources */ = {isa = PBXBuildFile; fileRef = A2310CEF2C369958009BFF06 /* UIImageView+Extension.swift */; };
		A2310CF32C36C0F9009BFF06 /* Constants.swift in Sources */ = {isa = PBXBuildFile; fileRef = A2310CF22C36C0F9009BFF06 /* Constants.swift */; };
		A2310CF62C36D42C009BFF06 /* PWWeatherListView.swift in Sources */ = {isa = PBXBuildFile; fileRef = A2310CF52C36D42C009BFF06 /* PWWeatherListView.swift */; };
		A2310CF82C36DBDD009BFF06 /* PWFavoritesView.swift in Sources */ = {isa = PBXBuildFile; fileRef = A2310CF72C36DBDD009BFF06 /* PWFavoritesView.swift */; };
		A235AD9C2C4E4C090076A70A /* PWNetworkService.swift in Sources */ = {isa = PBXBuildFile; fileRef = A235AD9B2C4E4C090076A70A /* PWNetworkService.swift */; };
		A235AD9E2C4E4C580076A70A /* PWEndpoint.swift in Sources */ = {isa = PBXBuildFile; fileRef = A235AD9D2C4E4C580076A70A /* PWEndpoint.swift */; };
		A235ADA02C4E4D9B0076A70A /* PWAPIManager.swift in Sources */ = {isa = PBXBuildFile; fileRef = A235AD9F2C4E4D9B0076A70A /* PWAPIManager.swift */; };
		A239339E2C3D28C8006D458C /* PWWeatherDetailViewModelTests.swift in Sources */ = {isa = PBXBuildFile; fileRef = A239339D2C3D28C8006D458C /* PWWeatherDetailViewModelTests.swift */; };
		A249D39A2C33F8DA00E65163 /* WeatherEntity+Extension.swift in Sources */ = {isa = PBXBuildFile; fileRef = A249D3992C33F8DA00E65163 /* WeatherEntity+Extension.swift */; };
		A25F113C2C33D86D000706BE /* AppDelegate.swift in Sources */ = {isa = PBXBuildFile; fileRef = A25F113B2C33D86D000706BE /* AppDelegate.swift */; };
		A25F113E2C33D86D000706BE /* SceneDelegate.swift in Sources */ = {isa = PBXBuildFile; fileRef = A25F113D2C33D86D000706BE /* SceneDelegate.swift */; };
		A25F11462C33D86D000706BE /* Pinsoft_WeatherApp.xcdatamodeld in Sources */ = {isa = PBXBuildFile; fileRef = A25F11442C33D86D000706BE /* Pinsoft_WeatherApp.xcdatamodeld */; };
		A25F11482C33D86E000706BE /* Assets.xcassets in Resources */ = {isa = PBXBuildFile; fileRef = A25F11472C33D86E000706BE /* Assets.xcassets */; };
		A25F114B2C33D86E000706BE /* Base in Resources */ = {isa = PBXBuildFile; fileRef = A25F114A2C33D86E000706BE /* Base */; };
		A25F11742C33D97A000706BE /* SnapKit in Frameworks */ = {isa = PBXBuildFile; productRef = A25F11732C33D97A000706BE /* SnapKit */; };
		A25F11772C33D9CC000706BE /* Alamofire in Frameworks */ = {isa = PBXBuildFile; productRef = A25F11762C33D9CC000706BE /* Alamofire */; };
		A25F117B2C33DDE9000706BE /* PWTabBarController.swift in Sources */ = {isa = PBXBuildFile; fileRef = A25F117A2C33DDE9000706BE /* PWTabBarController.swift */; };
		A25F117F2C33DE3D000706BE /* PWWeatherListViewController.swift in Sources */ = {isa = PBXBuildFile; fileRef = A25F117E2C33DE3D000706BE /* PWWeatherListViewController.swift */; };
		A25F11812C33DE78000706BE /* PWFavoritesViewController.swift in Sources */ = {isa = PBXBuildFile; fileRef = A25F11802C33DE78000706BE /* PWFavoritesViewController.swift */; };
		A25F11842C33E857000706BE /* PWWeatherDetailViewController.swift in Sources */ = {isa = PBXBuildFile; fileRef = A25F11832C33E857000706BE /* PWWeatherDetailViewController.swift */; };
		A25F11862C33E87D000706BE /* PWWeatherCell.swift in Sources */ = {isa = PBXBuildFile; fileRef = A25F11852C33E87D000706BE /* PWWeatherCell.swift */; };
		A25F11882C33E8A9000706BE /* Weather.swift in Sources */ = {isa = PBXBuildFile; fileRef = A25F11872C33E8A9000706BE /* Weather.swift */; };
		A25F118A2C33E8B7000706BE /* CoreDataStack.swift in Sources */ = {isa = PBXBuildFile; fileRef = A25F11892C33E8B7000706BE /* CoreDataStack.swift */; };
		A25F118C2C33E8C5000706BE /* PWWeatherService.swift in Sources */ = {isa = PBXBuildFile; fileRef = A25F118B2C33E8C5000706BE /* PWWeatherService.swift */; };
		A25F118E2C33E97A000706BE /* Forecast.swift in Sources */ = {isa = PBXBuildFile; fileRef = A25F118D2C33E97A000706BE /* Forecast.swift */; };
		A25F11B32C33F66B000706BE /* WeatherEntity+CoreDataClass.swift in Sources */ = {isa = PBXBuildFile; fileRef = A25F11AF2C33F66B000706BE /* WeatherEntity+CoreDataClass.swift */; };
		A25F11B42C33F66B000706BE /* WeatherEntity+CoreDataProperties.swift in Sources */ = {isa = PBXBuildFile; fileRef = A25F11B02C33F66B000706BE /* WeatherEntity+CoreDataProperties.swift */; };
		A25F11B52C33F66B000706BE /* ForecastEntity+CoreDataClass.swift in Sources */ = {isa = PBXBuildFile; fileRef = A25F11B12C33F66B000706BE /* ForecastEntity+CoreDataClass.swift */; };
		A25F11B62C33F66B000706BE /* ForecastEntity+CoreDataProperties.swift in Sources */ = {isa = PBXBuildFile; fileRef = A25F11B22C33F66B000706BE /* ForecastEntity+CoreDataProperties.swift */; };
		A28612C12C3C1F7E0001D9DF /* PWFavoritesViewModelTests.swift in Sources */ = {isa = PBXBuildFile; fileRef = A28612C02C3C1F7E0001D9DF /* PWFavoritesViewModelTests.swift */; };
		A287A0252C352276009D2726 /* PWForecastView.swift in Sources */ = {isa = PBXBuildFile; fileRef = A287A0242C352276009D2726 /* PWForecastView.swift */; };
		A28EC7A12C37D2C200DE4815 /* PWWeatherDetailView.swift in Sources */ = {isa = PBXBuildFile; fileRef = A28EC7A02C37D2C200DE4815 /* PWWeatherDetailView.swift */; };
		A28EC7A32C37D2DB00DE4815 /* PWWeatherDetailViewModel.swift in Sources */ = {isa = PBXBuildFile; fileRef = A28EC7A22C37D2DB00DE4815 /* PWWeatherDetailViewModel.swift */; };
		A2A7A4182C3C03400084397F /* PWWeatherListViewModelTests.swift in Sources */ = {isa = PBXBuildFile; fileRef = A2A7A4172C3C03400084397F /* PWWeatherListViewModelTests.swift */; };
		A2AF994F2C50DC8C0047EC56 /* PWError.swift in Sources */ = {isa = PBXBuildFile; fileRef = A2AF994E2C50DC8C0047EC56 /* PWError.swift */; };
		A2AF99512C50EEBB0047EC56 /* PWAlertContainerView.swift in Sources */ = {isa = PBXBuildFile; fileRef = A2AF99502C50EEBB0047EC56 /* PWAlertContainerView.swift */; };
		A2AF99542C50EFD60047EC56 /* PWButton.swift in Sources */ = {isa = PBXBuildFile; fileRef = A2AF99532C50EFD60047EC56 /* PWButton.swift */; };
		A2AF99572C50F6AD0047EC56 /* PWAlertViewController.swift in Sources */ = {isa = PBXBuildFile; fileRef = A2AF99562C50F6AD0047EC56 /* PWAlertViewController.swift */; };
		A2D4B9B22C3FC25E00542A61 /* UIView+Extension.swift in Sources */ = {isa = PBXBuildFile; fileRef = A2D4B9B12C3FC25E00542A61 /* UIView+Extension.swift */; };
		A2F28D922C340FF200493115 /* PWWeatherListViewModel.swift in Sources */ = {isa = PBXBuildFile; fileRef = A2F28D912C340FF200493115 /* PWWeatherListViewModel.swift */; };
		A2F28D962C34122D00493115 /* PWFavoritesViewModel.swift in Sources */ = {isa = PBXBuildFile; fileRef = A2F28D952C34122D00493115 /* PWFavoritesViewModel.swift */; };
		A2FCE89D2C53B64900519BDD /* PWWeatherServiceTests.swift in Sources */ = {isa = PBXBuildFile; fileRef = A2FCE89C2C53B64900519BDD /* PWWeatherServiceTests.swift */; };
		D65AD9225B0033333DAF8E70 /* Pods_Pinsoft_WeatherApp.framework in Frameworks */ = {isa = PBXBuildFile; fileRef = 7DA49FD10A656621C13D7192 /* Pods_Pinsoft_WeatherApp.framework */; };
/* End PBXBuildFile section */

/* Begin PBXContainerItemProxy section */
		A25F11522C33D86E000706BE /* PBXContainerItemProxy */ = {
			isa = PBXContainerItemProxy;
			containerPortal = A25F11302C33D86D000706BE /* Project object */;
			proxyType = 1;
			remoteGlobalIDString = A25F11372C33D86D000706BE;
			remoteInfo = "Pinsoft-WeatherApp";
		};
/* End PBXContainerItemProxy section */

/* Begin PBXCopyFilesBuildPhase section */
		A27810B32C47A7BF002C7917 /* Embed Foundation Extensions */ = {
			isa = PBXCopyFilesBuildPhase;
			buildActionMask = 2147483647;
			dstPath = "";
			dstSubfolderSpec = 13;
			files = (
			);
			name = "Embed Foundation Extensions";
			runOnlyForDeploymentPostprocessing = 0;
		};
/* End PBXCopyFilesBuildPhase section */

/* Begin PBXFileReference section */
		0414F1E390069CC812D43804 /* Pods-Pinsoft-WeatherApp-Pinsoft-WeatherAppUITests.debug.xcconfig */ = {isa = PBXFileReference; includeInIndex = 1; lastKnownFileType = text.xcconfig; name = "Pods-Pinsoft-WeatherApp-Pinsoft-WeatherAppUITests.debug.xcconfig"; path = "Target Support Files/Pods-Pinsoft-WeatherApp-Pinsoft-WeatherAppUITests/Pods-Pinsoft-WeatherApp-Pinsoft-WeatherAppUITests.debug.xcconfig"; sourceTree = "<group>"; };
		667E01568D2905308F607162 /* Pods-Pinsoft-WeatherApp.debug.xcconfig */ = {isa = PBXFileReference; includeInIndex = 1; lastKnownFileType = text.xcconfig; name = "Pods-Pinsoft-WeatherApp.debug.xcconfig"; path = "Target Support Files/Pods-Pinsoft-WeatherApp/Pods-Pinsoft-WeatherApp.debug.xcconfig"; sourceTree = "<group>"; };
		6871DA9E306AF3D916B2D924 /* Pods-Pinsoft-WeatherAppTests.release.xcconfig */ = {isa = PBXFileReference; includeInIndex = 1; lastKnownFileType = text.xcconfig; name = "Pods-Pinsoft-WeatherAppTests.release.xcconfig"; path = "Target Support Files/Pods-Pinsoft-WeatherAppTests/Pods-Pinsoft-WeatherAppTests.release.xcconfig"; sourceTree = "<group>"; };
		6CC72D316DE452C3286CE5D6 /* Pods-Pinsoft-WeatherApp-Pinsoft-WeatherAppUITests.release.xcconfig */ = {isa = PBXFileReference; includeInIndex = 1; lastKnownFileType = text.xcconfig; name = "Pods-Pinsoft-WeatherApp-Pinsoft-WeatherAppUITests.release.xcconfig"; path = "Target Support Files/Pods-Pinsoft-WeatherApp-Pinsoft-WeatherAppUITests/Pods-Pinsoft-WeatherApp-Pinsoft-WeatherAppUITests.release.xcconfig"; sourceTree = "<group>"; };
		7DA49FD10A656621C13D7192 /* Pods_Pinsoft_WeatherApp.framework */ = {isa = PBXFileReference; explicitFileType = wrapper.framework; includeInIndex = 0; path = Pods_Pinsoft_WeatherApp.framework; sourceTree = BUILT_PRODUCTS_DIR; };
		86390068224D588D99C5B2F7 /* Pods-Pinsoft-WeatherAppTests.debug.xcconfig */ = {isa = PBXFileReference; includeInIndex = 1; lastKnownFileType = text.xcconfig; name = "Pods-Pinsoft-WeatherAppTests.debug.xcconfig"; path = "Target Support Files/Pods-Pinsoft-WeatherAppTests/Pods-Pinsoft-WeatherAppTests.debug.xcconfig"; sourceTree = "<group>"; };
		A20CDF202C3EC0F100CFED10 /* CrashViewController.swift */ = {isa = PBXFileReference; lastKnownFileType = sourcecode.swift; path = CrashViewController.swift; sourceTree = "<group>"; };
		A21D2B8F2C357CD6001AE115 /* WeatherDescription.swift */ = {isa = PBXFileReference; lastKnownFileType = sourcecode.swift; path = WeatherDescription.swift; sourceTree = "<group>"; };
		A21D2B932C358B86001AE115 /* PWLabel.swift */ = {isa = PBXFileReference; lastKnownFileType = sourcecode.swift; path = PWLabel.swift; sourceTree = "<group>"; };
		A21D2B962C358E19001AE115 /* PWImageView.swift */ = {isa = PBXFileReference; lastKnownFileType = sourcecode.swift; path = PWImageView.swift; sourceTree = "<group>"; };
		A21D2B992C3594EA001AE115 /* PWStackView.swift */ = {isa = PBXFileReference; lastKnownFileType = sourcecode.swift; path = PWStackView.swift; sourceTree = "<group>"; };
		A22549EA2C3E894B002EA024 /* GoogleService-Info.plist */ = {isa = PBXFileReference; fileEncoding = 4; lastKnownFileType = text.plist.xml; path = "GoogleService-Info.plist"; sourceTree = "<group>"; };
		A229449A2C41138E00857796 /* PWEmptyFavoritesView.swift */ = {isa = PBXFileReference; lastKnownFileType = sourcecode.swift; path = PWEmptyFavoritesView.swift; sourceTree = "<group>"; };
		A2310CEB2C3687C4009BFF06 /* Date+Extension.swift */ = {isa = PBXFileReference; lastKnownFileType = sourcecode.swift; path = "Date+Extension.swift"; sourceTree = "<group>"; };
		A2310CED2C368B9A009BFF06 /* WeatherDescription+Extension.swift */ = {isa = PBXFileReference; lastKnownFileType = sourcecode.swift; path = "WeatherDescription+Extension.swift"; sourceTree = "<group>"; };
		A2310CEF2C369958009BFF06 /* UIImageView+Extension.swift */ = {isa = PBXFileReference; lastKnownFileType = sourcecode.swift; path = "UIImageView+Extension.swift"; sourceTree = "<group>"; };
		A2310CF22C36C0F9009BFF06 /* Constants.swift */ = {isa = PBXFileReference; lastKnownFileType = sourcecode.swift; path = Constants.swift; sourceTree = "<group>"; };
		A2310CF52C36D42C009BFF06 /* PWWeatherListView.swift */ = {isa = PBXFileReference; lastKnownFileType = sourcecode.swift; path = PWWeatherListView.swift; sourceTree = "<group>"; };
		A2310CF72C36DBDD009BFF06 /* PWFavoritesView.swift */ = {isa = PBXFileReference; lastKnownFileType = sourcecode.swift; path = PWFavoritesView.swift; sourceTree = "<group>"; };
		A235AD9B2C4E4C090076A70A /* PWNetworkService.swift */ = {isa = PBXFileReference; lastKnownFileType = sourcecode.swift; path = PWNetworkService.swift; sourceTree = "<group>"; };
		A235AD9D2C4E4C580076A70A /* PWEndpoint.swift */ = {isa = PBXFileReference; lastKnownFileType = sourcecode.swift; path = PWEndpoint.swift; sourceTree = "<group>"; };
		A235AD9F2C4E4D9B0076A70A /* PWAPIManager.swift */ = {isa = PBXFileReference; lastKnownFileType = sourcecode.swift; path = PWAPIManager.swift; sourceTree = "<group>"; };
		A239339D2C3D28C8006D458C /* PWWeatherDetailViewModelTests.swift */ = {isa = PBXFileReference; lastKnownFileType = sourcecode.swift; path = PWWeatherDetailViewModelTests.swift; sourceTree = "<group>"; };
		A249D3992C33F8DA00E65163 /* WeatherEntity+Extension.swift */ = {isa = PBXFileReference; lastKnownFileType = sourcecode.swift; path = "WeatherEntity+Extension.swift"; sourceTree = "<group>"; };
		A25F11382C33D86D000706BE /* Pinsoft-WeatherApp.app */ = {isa = PBXFileReference; explicitFileType = wrapper.application; includeInIndex = 0; path = "Pinsoft-WeatherApp.app"; sourceTree = BUILT_PRODUCTS_DIR; };
		A25F113B2C33D86D000706BE /* AppDelegate.swift */ = {isa = PBXFileReference; lastKnownFileType = sourcecode.swift; path = AppDelegate.swift; sourceTree = "<group>"; };
		A25F113D2C33D86D000706BE /* SceneDelegate.swift */ = {isa = PBXFileReference; lastKnownFileType = sourcecode.swift; path = SceneDelegate.swift; sourceTree = "<group>"; };
		A25F11452C33D86D000706BE /* Pinsoft_WeatherApp.xcdatamodel */ = {isa = PBXFileReference; lastKnownFileType = wrapper.xcdatamodel; path = Pinsoft_WeatherApp.xcdatamodel; sourceTree = "<group>"; };
		A25F11472C33D86E000706BE /* Assets.xcassets */ = {isa = PBXFileReference; lastKnownFileType = folder.assetcatalog; path = Assets.xcassets; sourceTree = "<group>"; };
		A25F114A2C33D86E000706BE /* Base */ = {isa = PBXFileReference; lastKnownFileType = file.storyboard; name = Base; path = Base.lproj/LaunchScreen.storyboard; sourceTree = "<group>"; };
		A25F114C2C33D86E000706BE /* Info.plist */ = {isa = PBXFileReference; lastKnownFileType = text.plist.xml; path = Info.plist; sourceTree = "<group>"; };
		A25F11512C33D86E000706BE /* Pinsoft-WeatherAppTests.xctest */ = {isa = PBXFileReference; explicitFileType = wrapper.cfbundle; includeInIndex = 0; path = "Pinsoft-WeatherAppTests.xctest"; sourceTree = BUILT_PRODUCTS_DIR; };
		A25F117A2C33DDE9000706BE /* PWTabBarController.swift */ = {isa = PBXFileReference; lastKnownFileType = sourcecode.swift; path = PWTabBarController.swift; sourceTree = "<group>"; };
		A25F117E2C33DE3D000706BE /* PWWeatherListViewController.swift */ = {isa = PBXFileReference; lastKnownFileType = sourcecode.swift; path = PWWeatherListViewController.swift; sourceTree = "<group>"; };
		A25F11802C33DE78000706BE /* PWFavoritesViewController.swift */ = {isa = PBXFileReference; lastKnownFileType = sourcecode.swift; path = PWFavoritesViewController.swift; sourceTree = "<group>"; };
		A25F11832C33E857000706BE /* PWWeatherDetailViewController.swift */ = {isa = PBXFileReference; lastKnownFileType = sourcecode.swift; path = PWWeatherDetailViewController.swift; sourceTree = "<group>"; };
		A25F11852C33E87D000706BE /* PWWeatherCell.swift */ = {isa = PBXFileReference; lastKnownFileType = sourcecode.swift; path = PWWeatherCell.swift; sourceTree = "<group>"; };
		A25F11872C33E8A9000706BE /* Weather.swift */ = {isa = PBXFileReference; lastKnownFileType = sourcecode.swift; path = Weather.swift; sourceTree = "<group>"; };
		A25F11892C33E8B7000706BE /* CoreDataStack.swift */ = {isa = PBXFileReference; lastKnownFileType = sourcecode.swift; path = CoreDataStack.swift; sourceTree = "<group>"; };
		A25F118B2C33E8C5000706BE /* PWWeatherService.swift */ = {isa = PBXFileReference; lastKnownFileType = sourcecode.swift; path = PWWeatherService.swift; sourceTree = "<group>"; };
		A25F118D2C33E97A000706BE /* Forecast.swift */ = {isa = PBXFileReference; lastKnownFileType = sourcecode.swift; path = Forecast.swift; sourceTree = "<group>"; };
		A25F11AF2C33F66B000706BE /* WeatherEntity+CoreDataClass.swift */ = {isa = PBXFileReference; lastKnownFileType = sourcecode.swift; path = "WeatherEntity+CoreDataClass.swift"; sourceTree = "<group>"; };
		A25F11B02C33F66B000706BE /* WeatherEntity+CoreDataProperties.swift */ = {isa = PBXFileReference; lastKnownFileType = sourcecode.swift; path = "WeatherEntity+CoreDataProperties.swift"; sourceTree = "<group>"; };
		A25F11B12C33F66B000706BE /* ForecastEntity+CoreDataClass.swift */ = {isa = PBXFileReference; lastKnownFileType = sourcecode.swift; path = "ForecastEntity+CoreDataClass.swift"; sourceTree = "<group>"; };
		A25F11B22C33F66B000706BE /* ForecastEntity+CoreDataProperties.swift */ = {isa = PBXFileReference; lastKnownFileType = sourcecode.swift; path = "ForecastEntity+CoreDataProperties.swift"; sourceTree = "<group>"; };
		A27810A42C47A7BD002C7917 /* WidgetKit.framework */ = {isa = PBXFileReference; lastKnownFileType = wrapper.framework; name = WidgetKit.framework; path = System/Library/Frameworks/WidgetKit.framework; sourceTree = SDKROOT; };
		A27810A62C47A7BD002C7917 /* SwiftUI.framework */ = {isa = PBXFileReference; lastKnownFileType = wrapper.framework; name = SwiftUI.framework; path = System/Library/Frameworks/SwiftUI.framework; sourceTree = SDKROOT; };
		A28612C02C3C1F7E0001D9DF /* PWFavoritesViewModelTests.swift */ = {isa = PBXFileReference; lastKnownFileType = sourcecode.swift; path = PWFavoritesViewModelTests.swift; sourceTree = "<group>"; };
		A287A0242C352276009D2726 /* PWForecastView.swift */ = {isa = PBXFileReference; lastKnownFileType = sourcecode.swift; path = PWForecastView.swift; sourceTree = "<group>"; };
		A28EC7A02C37D2C200DE4815 /* PWWeatherDetailView.swift */ = {isa = PBXFileReference; lastKnownFileType = sourcecode.swift; path = PWWeatherDetailView.swift; sourceTree = "<group>"; };
		A28EC7A22C37D2DB00DE4815 /* PWWeatherDetailViewModel.swift */ = {isa = PBXFileReference; lastKnownFileType = sourcecode.swift; path = PWWeatherDetailViewModel.swift; sourceTree = "<group>"; };
		A2A7A4172C3C03400084397F /* PWWeatherListViewModelTests.swift */ = {isa = PBXFileReference; lastKnownFileType = sourcecode.swift; path = PWWeatherListViewModelTests.swift; sourceTree = "<group>"; };
		A2AF994E2C50DC8C0047EC56 /* PWError.swift */ = {isa = PBXFileReference; lastKnownFileType = sourcecode.swift; path = PWError.swift; sourceTree = "<group>"; };
		A2AF99502C50EEBB0047EC56 /* PWAlertContainerView.swift */ = {isa = PBXFileReference; lastKnownFileType = sourcecode.swift; path = PWAlertContainerView.swift; sourceTree = "<group>"; };
		A2AF99532C50EFD60047EC56 /* PWButton.swift */ = {isa = PBXFileReference; lastKnownFileType = sourcecode.swift; path = PWButton.swift; sourceTree = "<group>"; };
		A2AF99562C50F6AD0047EC56 /* PWAlertViewController.swift */ = {isa = PBXFileReference; lastKnownFileType = sourcecode.swift; path = PWAlertViewController.swift; sourceTree = "<group>"; };
		A2D4B9B12C3FC25E00542A61 /* UIView+Extension.swift */ = {isa = PBXFileReference; lastKnownFileType = sourcecode.swift; path = "UIView+Extension.swift"; sourceTree = "<group>"; };
		A2F28D912C340FF200493115 /* PWWeatherListViewModel.swift */ = {isa = PBXFileReference; lastKnownFileType = sourcecode.swift; path = PWWeatherListViewModel.swift; sourceTree = "<group>"; };
		A2F28D952C34122D00493115 /* PWFavoritesViewModel.swift */ = {isa = PBXFileReference; lastKnownFileType = sourcecode.swift; path = PWFavoritesViewModel.swift; sourceTree = "<group>"; };
		A2FCE89C2C53B64900519BDD /* PWWeatherServiceTests.swift */ = {isa = PBXFileReference; lastKnownFileType = sourcecode.swift; name = PWWeatherServiceTests.swift; path = Mock/PWWeatherServiceTests.swift; sourceTree = "<group>"; };
		CDAA362A5EBDE03AF5A67817 /* Pods_Pinsoft_WeatherApp_Pinsoft_WeatherAppUITests.framework */ = {isa = PBXFileReference; explicitFileType = wrapper.framework; includeInIndex = 0; path = Pods_Pinsoft_WeatherApp_Pinsoft_WeatherAppUITests.framework; sourceTree = BUILT_PRODUCTS_DIR; };
		D04CFE983958144FE3D74988 /* Pods-Pinsoft-WeatherApp.release.xcconfig */ = {isa = PBXFileReference; includeInIndex = 1; lastKnownFileType = text.xcconfig; name = "Pods-Pinsoft-WeatherApp.release.xcconfig"; path = "Target Support Files/Pods-Pinsoft-WeatherApp/Pods-Pinsoft-WeatherApp.release.xcconfig"; sourceTree = "<group>"; };
		FE07BB39BA0A7D0369CB9D8A /* Pods_Pinsoft_WeatherAppTests.framework */ = {isa = PBXFileReference; explicitFileType = wrapper.framework; includeInIndex = 0; path = Pods_Pinsoft_WeatherAppTests.framework; sourceTree = BUILT_PRODUCTS_DIR; };
/* End PBXFileReference section */

/* Begin PBXFrameworksBuildPhase section */
		A25F11352C33D86D000706BE /* Frameworks */ = {
			isa = PBXFrameworksBuildPhase;
			buildActionMask = 2147483647;
			files = (
				A25F11742C33D97A000706BE /* SnapKit in Frameworks */,
				A22549F22C3E8AA9002EA024 /* FirebaseCrashlytics in Frameworks */,
				A20CDF1F2C3EA61800CFED10 /* FirebaseAppDistribution-Beta in Frameworks */,
				A25F11772C33D9CC000706BE /* Alamofire in Frameworks */,
				D65AD9225B0033333DAF8E70 /* Pods_Pinsoft_WeatherApp.framework in Frameworks */,
			);
			runOnlyForDeploymentPostprocessing = 0;
		};
		A25F114E2C33D86E000706BE /* Frameworks */ = {
			isa = PBXFrameworksBuildPhase;
			buildActionMask = 2147483647;
			files = (
				22097CAE2F3FF69184F333CD /* Pods_Pinsoft_WeatherAppTests.framework in Frameworks */,
			);
			runOnlyForDeploymentPostprocessing = 0;
		};
/* End PBXFrameworksBuildPhase section */

/* Begin PBXGroup section */
		3F0A5F593F34E1FA415FB239 /* Pods */ = {
			isa = PBXGroup;
			children = (
				667E01568D2905308F607162 /* Pods-Pinsoft-WeatherApp.debug.xcconfig */,
				D04CFE983958144FE3D74988 /* Pods-Pinsoft-WeatherApp.release.xcconfig */,
				0414F1E390069CC812D43804 /* Pods-Pinsoft-WeatherApp-Pinsoft-WeatherAppUITests.debug.xcconfig */,
				6CC72D316DE452C3286CE5D6 /* Pods-Pinsoft-WeatherApp-Pinsoft-WeatherAppUITests.release.xcconfig */,
				86390068224D588D99C5B2F7 /* Pods-Pinsoft-WeatherAppTests.debug.xcconfig */,
				6871DA9E306AF3D916B2D924 /* Pods-Pinsoft-WeatherAppTests.release.xcconfig */,
			);
			path = Pods;
			sourceTree = "<group>";
		};
		A20CDF1D2C3EA61800CFED10 /* Frameworks */ = {
			isa = PBXGroup;
			children = (
				7DA49FD10A656621C13D7192 /* Pods_Pinsoft_WeatherApp.framework */,
				CDAA362A5EBDE03AF5A67817 /* Pods_Pinsoft_WeatherApp_Pinsoft_WeatherAppUITests.framework */,
				FE07BB39BA0A7D0369CB9D8A /* Pods_Pinsoft_WeatherAppTests.framework */,
				A27810A42C47A7BD002C7917 /* WidgetKit.framework */,
				A27810A62C47A7BD002C7917 /* SwiftUI.framework */,
			);
			name = Frameworks;
			sourceTree = "<group>";
		};
		A21D2B912C358B68001AE115 /* ReusableViews */ = {
			isa = PBXGroup;
			children = (
				A2AF99522C50EFBF0047EC56 /* UIButton */,
				A21D2B982C3594C3001AE115 /* UIStackView */,
				A21D2B952C358E02001AE115 /* UIImageView */,
				A21D2B922C358B71001AE115 /* UILabel */,
				A287A0262C35227A009D2726 /* UIView */,
			);
			path = ReusableViews;
			sourceTree = "<group>";
		};
		A21D2B922C358B71001AE115 /* UILabel */ = {
			isa = PBXGroup;
			children = (
				A21D2B932C358B86001AE115 /* PWLabel.swift */,
			);
			path = UILabel;
			sourceTree = "<group>";
		};
		A21D2B952C358E02001AE115 /* UIImageView */ = {
			isa = PBXGroup;
			children = (
				A21D2B962C358E19001AE115 /* PWImageView.swift */,
			);
			path = UIImageView;
			sourceTree = "<group>";
		};
		A21D2B982C3594C3001AE115 /* UIStackView */ = {
			isa = PBXGroup;
			children = (
				A21D2B992C3594EA001AE115 /* PWStackView.swift */,
			);
			path = UIStackView;
			sourceTree = "<group>";
		};
		A221094B2C3E7303007A4430 /* Weather */ = {
			isa = PBXGroup;
			children = (
				A25F117E2C33DE3D000706BE /* PWWeatherListViewController.swift */,
				A25F11832C33E857000706BE /* PWWeatherDetailViewController.swift */,
			);
			path = Weather;
			sourceTree = "<group>";
		};
		A221094C2C3E730F007A4430 /* Favorites */ = {
			isa = PBXGroup;
			children = (
				A25F11802C33DE78000706BE /* PWFavoritesViewController.swift */,
			);
			path = Favorites;
			sourceTree = "<group>";
		};
		A249D3972C33F73200E65163 /* CoreData */ = {
			isa = PBXGroup;
			children = (
				A25F11AF2C33F66B000706BE /* WeatherEntity+CoreDataClass.swift */,
				A25F11B02C33F66B000706BE /* WeatherEntity+CoreDataProperties.swift */,
				A25F11B12C33F66B000706BE /* ForecastEntity+CoreDataClass.swift */,
				A25F11B22C33F66B000706BE /* ForecastEntity+CoreDataProperties.swift */,
			);
			path = CoreData;
			sourceTree = "<group>";
		};
		A249D3982C33F8C200E65163 /* Extensions */ = {
			isa = PBXGroup;
			children = (
				A249D3992C33F8DA00E65163 /* WeatherEntity+Extension.swift */,
				A2310CEB2C3687C4009BFF06 /* Date+Extension.swift */,
				A2310CED2C368B9A009BFF06 /* WeatherDescription+Extension.swift */,
				A2310CEF2C369958009BFF06 /* UIImageView+Extension.swift */,
				A2D4B9B12C3FC25E00542A61 /* UIView+Extension.swift */,
			);
			path = Extensions;
			sourceTree = "<group>";
		};
		A24FED442C4F9F3F00B93392 /* NetworkingTest */ = {
			isa = PBXGroup;
			children = (
				A2FCE89C2C53B64900519BDD /* PWWeatherServiceTests.swift */,
			);
			path = NetworkingTest;
			sourceTree = "<group>";
		};
		A25F112F2C33D86D000706BE = {
			isa = PBXGroup;
			children = (
				A25F113A2C33D86D000706BE /* Pinsoft-WeatherApp */,
				A25F11542C33D86E000706BE /* Pinsoft-WeatherAppTests */,
				A25F11392C33D86D000706BE /* Products */,
				A20CDF1D2C3EA61800CFED10 /* Frameworks */,
				3F0A5F593F34E1FA415FB239 /* Pods */,
			);
			sourceTree = "<group>";
		};
		A25F11392C33D86D000706BE /* Products */ = {
			isa = PBXGroup;
			children = (
				A25F11382C33D86D000706BE /* Pinsoft-WeatherApp.app */,
				A25F11512C33D86E000706BE /* Pinsoft-WeatherAppTests.xctest */,
			);
			name = Products;
			sourceTree = "<group>";
		};
		A25F113A2C33D86D000706BE /* Pinsoft-WeatherApp */ = {
			isa = PBXGroup;
			children = (
				A22549EA2C3E894B002EA024 /* GoogleService-Info.plist */,
				A25F11712C33D926000706BE /* Models */,
				A25F11702C33D921000706BE /* View */,
				A25F116F2C33D911000706BE /* ViewModel */,
				A25F11782C33DB25000706BE /* Networking */,
				A249D3972C33F73200E65163 /* CoreData */,
				A249D3982C33F8C200E65163 /* Extensions */,
				A25F116E2C33D900000706BE /* Resources */,
				A25F114C2C33D86E000706BE /* Info.plist */,
				A25F11442C33D86D000706BE /* Pinsoft_WeatherApp.xcdatamodeld */,
				A20CDF202C3EC0F100CFED10 /* CrashViewController.swift */,
			);
			path = "Pinsoft-WeatherApp";
			sourceTree = "<group>";
		};
		A25F11542C33D86E000706BE /* Pinsoft-WeatherAppTests */ = {
			isa = PBXGroup;
			children = (
				A24FED442C4F9F3F00B93392 /* NetworkingTest */,
				A2A7A4192C3C0C700084397F /* ViewModelTest */,
			);
			path = "Pinsoft-WeatherAppTests";
			sourceTree = "<group>";
		};
		A25F116E2C33D900000706BE /* Resources */ = {
			isa = PBXGroup;
			children = (
				A25F113B2C33D86D000706BE /* AppDelegate.swift */,
				A25F113D2C33D86D000706BE /* SceneDelegate.swift */,
				A25F11472C33D86E000706BE /* Assets.xcassets */,
				A25F11492C33D86E000706BE /* LaunchScreen.storyboard */,
				A2310CF22C36C0F9009BFF06 /* Constants.swift */,
			);
			path = Resources;
			sourceTree = "<group>";
		};
		A25F116F2C33D911000706BE /* ViewModel */ = {
			isa = PBXGroup;
			children = (
				A2F28D942C34121E00493115 /* Weather */,
				A2F28D932C34121500493115 /* Favorites */,
			);
			path = ViewModel;
			sourceTree = "<group>";
		};
		A25F11702C33D921000706BE /* View */ = {
			isa = PBXGroup;
			children = (
				A21D2B912C358B68001AE115 /* ReusableViews */,
				A25F11822C33E843000706BE /* Cells */,
				A25F11792C33DDBC000706BE /* Controllers */,
			);
			path = View;
			sourceTree = "<group>";
		};
		A25F11712C33D926000706BE /* Models */ = {
			isa = PBXGroup;
			children = (
				A25F11872C33E8A9000706BE /* Weather.swift */,
				A25F11892C33E8B7000706BE /* CoreDataStack.swift */,
				A25F118D2C33E97A000706BE /* Forecast.swift */,
				A21D2B8F2C357CD6001AE115 /* WeatherDescription.swift */,
			);
			path = Models;
			sourceTree = "<group>";
		};
		A25F11782C33DB25000706BE /* Networking */ = {
			isa = PBXGroup;
			children = (
				A235AD9B2C4E4C090076A70A /* PWNetworkService.swift */,
				A235AD9D2C4E4C580076A70A /* PWEndpoint.swift */,
				A235AD9F2C4E4D9B0076A70A /* PWAPIManager.swift */,
				A2AF994E2C50DC8C0047EC56 /* PWError.swift */,
				A25F118B2C33E8C5000706BE /* PWWeatherService.swift */,
			);
			path = Networking;
			sourceTree = "<group>";
		};
		A25F11792C33DDBC000706BE /* Controllers */ = {
			isa = PBXGroup;
			children = (
				A25F117D2C33DE02000706BE /* Core */,
				A2AF99552C50F68B0047EC56 /* Alert */,
				A25F117C2C33DDF5000706BE /* TabBar */,
			);
			path = Controllers;
			sourceTree = "<group>";
		};
		A25F117C2C33DDF5000706BE /* TabBar */ = {
			isa = PBXGroup;
			children = (
				A25F117A2C33DDE9000706BE /* PWTabBarController.swift */,
			);
			path = TabBar;
			sourceTree = "<group>";
		};
		A25F117D2C33DE02000706BE /* Core */ = {
			isa = PBXGroup;
			children = (
				A221094B2C3E7303007A4430 /* Weather */,
				A221094C2C3E730F007A4430 /* Favorites */,
			);
			path = Core;
			sourceTree = "<group>";
		};
		A25F11822C33E843000706BE /* Cells */ = {
			isa = PBXGroup;
			children = (
				A25F11852C33E87D000706BE /* PWWeatherCell.swift */,
			);
			path = Cells;
			sourceTree = "<group>";
		};
		A28612BF2C3C1F350001D9DF /* Favorites */ = {
			isa = PBXGroup;
			children = (
				A28612C02C3C1F7E0001D9DF /* PWFavoritesViewModelTests.swift */,
			);
			path = Favorites;
			sourceTree = "<group>";
		};
		A287A0262C35227A009D2726 /* UIView */ = {
			isa = PBXGroup;
			children = (
				A287A0242C352276009D2726 /* PWForecastView.swift */,
				A2310CF52C36D42C009BFF06 /* PWWeatherListView.swift */,
				A2310CF72C36DBDD009BFF06 /* PWFavoritesView.swift */,
				A28EC7A02C37D2C200DE4815 /* PWWeatherDetailView.swift */,
				A229449A2C41138E00857796 /* PWEmptyFavoritesView.swift */,
				A2AF99502C50EEBB0047EC56 /* PWAlertContainerView.swift */,
			);
			path = UIView;
			sourceTree = "<group>";
		};
		A2A7A4192C3C0C700084397F /* ViewModelTest */ = {
			isa = PBXGroup;
			children = (
				A2A7A41A2C3C100F0084397F /* Weather */,
				A28612BF2C3C1F350001D9DF /* Favorites */,
			);
			path = ViewModelTest;
			sourceTree = "<group>";
		};
		A2A7A41A2C3C100F0084397F /* Weather */ = {
			isa = PBXGroup;
			children = (
				A2A7A4172C3C03400084397F /* PWWeatherListViewModelTests.swift */,
				A239339D2C3D28C8006D458C /* PWWeatherDetailViewModelTests.swift */,
			);
			path = Weather;
			sourceTree = "<group>";
		};
		A2AF99522C50EFBF0047EC56 /* UIButton */ = {
			isa = PBXGroup;
			children = (
				A2AF99532C50EFD60047EC56 /* PWButton.swift */,
			);
			path = UIButton;
			sourceTree = "<group>";
		};
		A2AF99552C50F68B0047EC56 /* Alert */ = {
			isa = PBXGroup;
			children = (
				A2AF99562C50F6AD0047EC56 /* PWAlertViewController.swift */,
			);
			path = Alert;
			sourceTree = "<group>";
		};
		A2F28D932C34121500493115 /* Favorites */ = {
			isa = PBXGroup;
			children = (
				A2F28D952C34122D00493115 /* PWFavoritesViewModel.swift */,
			);
			path = Favorites;
			sourceTree = "<group>";
		};
		A2F28D942C34121E00493115 /* Weather */ = {
			isa = PBXGroup;
			children = (
				A2F28D912C340FF200493115 /* PWWeatherListViewModel.swift */,
				A28EC7A22C37D2DB00DE4815 /* PWWeatherDetailViewModel.swift */,
			);
			path = Weather;
			sourceTree = "<group>";
		};
/* End PBXGroup section */

/* Begin PBXNativeTarget section */
		A25F11372C33D86D000706BE /* Pinsoft-WeatherApp */ = {
			isa = PBXNativeTarget;
			buildConfigurationList = A25F11652C33D86E000706BE /* Build configuration list for PBXNativeTarget "Pinsoft-WeatherApp" */;
			buildPhases = (
				1B073527045B11E48A9D459C /* [CP] Check Pods Manifest.lock */,
				A25F11342C33D86D000706BE /* Sources */,
				A25F11352C33D86D000706BE /* Frameworks */,
				A25F11362C33D86D000706BE /* Resources */,
				A27810B32C47A7BF002C7917 /* Embed Foundation Extensions */,
			);
			buildRules = (
			);
			dependencies = (
			);
			name = "Pinsoft-WeatherApp";
			packageProductDependencies = (
				A25F11732C33D97A000706BE /* SnapKit */,
				A25F11762C33D9CC000706BE /* Alamofire */,
				A22549F12C3E8AA9002EA024 /* FirebaseCrashlytics */,
				A20CDF1E2C3EA61800CFED10 /* FirebaseAppDistribution-Beta */,
			);
			productName = "Pinsoft-WeatherApp";
			productReference = A25F11382C33D86D000706BE /* Pinsoft-WeatherApp.app */;
			productType = "com.apple.product-type.application";
		};
		A25F11502C33D86E000706BE /* Pinsoft-WeatherAppTests */ = {
			isa = PBXNativeTarget;
			buildConfigurationList = A25F11682C33D86E000706BE /* Build configuration list for PBXNativeTarget "Pinsoft-WeatherAppTests" */;
			buildPhases = (
				A3A44E5E98C1DD2D1256AA92 /* [CP] Check Pods Manifest.lock */,
				A25F114D2C33D86E000706BE /* Sources */,
				A25F114E2C33D86E000706BE /* Frameworks */,
				A25F114F2C33D86E000706BE /* Resources */,
			);
			buildRules = (
			);
			dependencies = (
				A25F11532C33D86E000706BE /* PBXTargetDependency */,
			);
			name = "Pinsoft-WeatherAppTests";
			packageProductDependencies = (
			);
			productName = "Pinsoft-WeatherAppTests";
			productReference = A25F11512C33D86E000706BE /* Pinsoft-WeatherAppTests.xctest */;
			productType = "com.apple.product-type.bundle.unit-test";
		};
/* End PBXNativeTarget section */

/* Begin PBXProject section */
		A25F11302C33D86D000706BE /* Project object */ = {
			isa = PBXProject;
			attributes = {
				BuildIndependentTargetsInParallel = 1;
				LastSwiftUpdateCheck = 1540;
				LastUpgradeCheck = 1540;
				TargetAttributes = {
					A25F11372C33D86D000706BE = {
						CreatedOnToolsVersion = 15.4;
					};
					A25F11502C33D86E000706BE = {
						CreatedOnToolsVersion = 15.4;
						TestTargetID = A25F11372C33D86D000706BE;
					};
				};
			};
			buildConfigurationList = A25F11332C33D86D000706BE /* Build configuration list for PBXProject "Pinsoft-WeatherApp" */;
			compatibilityVersion = "Xcode 14.0";
			developmentRegion = en;
			hasScannedForEncodings = 0;
			knownRegions = (
				en,
				Base,
			);
			mainGroup = A25F112F2C33D86D000706BE;
			packageReferences = (
				A25F11722C33D97A000706BE /* XCRemoteSwiftPackageReference "SnapKit" */,
				A25F11752C33D9CC000706BE /* XCRemoteSwiftPackageReference "Alamofire" */,
				A22549EE2C3E8AA9002EA024 /* XCRemoteSwiftPackageReference "firebase-ios-sdk" */,
			);
			productRefGroup = A25F11392C33D86D000706BE /* Products */;
			projectDirPath = "";
			projectRoot = "";
			targets = (
				A25F11372C33D86D000706BE /* Pinsoft-WeatherApp */,
				A25F11502C33D86E000706BE /* Pinsoft-WeatherAppTests */,
			);
		};
/* End PBXProject section */

/* Begin PBXResourcesBuildPhase section */
		A25F11362C33D86D000706BE /* Resources */ = {
			isa = PBXResourcesBuildPhase;
			buildActionMask = 2147483647;
			files = (
				A25F11482C33D86E000706BE /* Assets.xcassets in Resources */,
				A25F114B2C33D86E000706BE /* Base in Resources */,
				A22549EB2C3E894B002EA024 /* GoogleService-Info.plist in Resources */,
			);
			runOnlyForDeploymentPostprocessing = 0;
		};
		A25F114F2C33D86E000706BE /* Resources */ = {
			isa = PBXResourcesBuildPhase;
			buildActionMask = 2147483647;
			files = (
				A22549EC2C3E894B002EA024 /* GoogleService-Info.plist in Resources */,
			);
			runOnlyForDeploymentPostprocessing = 0;
		};
/* End PBXResourcesBuildPhase section */

/* Begin PBXShellScriptBuildPhase section */
		1B073527045B11E48A9D459C /* [CP] Check Pods Manifest.lock */ = {
			isa = PBXShellScriptBuildPhase;
			buildActionMask = 2147483647;
			files = (
			);
			inputFileListPaths = (
			);
			inputPaths = (
				"${PODS_PODFILE_DIR_PATH}/Podfile.lock",
				"${PODS_ROOT}/Manifest.lock",
			);
			name = "[CP] Check Pods Manifest.lock";
			outputFileListPaths = (
			);
			outputPaths = (
				"$(DERIVED_FILE_DIR)/Pods-Pinsoft-WeatherApp-checkManifestLockResult.txt",
			);
			runOnlyForDeploymentPostprocessing = 0;
			shellPath = /bin/sh;
			shellScript = "diff \"${PODS_PODFILE_DIR_PATH}/Podfile.lock\" \"${PODS_ROOT}/Manifest.lock\" > /dev/null\nif [ $? != 0 ] ; then\n    # print error to STDERR\n    echo \"error: The sandbox is not in sync with the Podfile.lock. Run 'pod install' or update your CocoaPods installation.\" >&2\n    exit 1\nfi\n# This output is used by Xcode 'outputs' to avoid re-running this script phase.\necho \"SUCCESS\" > \"${SCRIPT_OUTPUT_FILE_0}\"\n";
			showEnvVarsInLog = 0;
		};
		A3A44E5E98C1DD2D1256AA92 /* [CP] Check Pods Manifest.lock */ = {
			isa = PBXShellScriptBuildPhase;
			buildActionMask = 2147483647;
			files = (
			);
			inputFileListPaths = (
			);
			inputPaths = (
				"${PODS_PODFILE_DIR_PATH}/Podfile.lock",
				"${PODS_ROOT}/Manifest.lock",
			);
			name = "[CP] Check Pods Manifest.lock";
			outputFileListPaths = (
			);
			outputPaths = (
				"$(DERIVED_FILE_DIR)/Pods-Pinsoft-WeatherAppTests-checkManifestLockResult.txt",
			);
			runOnlyForDeploymentPostprocessing = 0;
			shellPath = /bin/sh;
			shellScript = "diff \"${PODS_PODFILE_DIR_PATH}/Podfile.lock\" \"${PODS_ROOT}/Manifest.lock\" > /dev/null\nif [ $? != 0 ] ; then\n    # print error to STDERR\n    echo \"error: The sandbox is not in sync with the Podfile.lock. Run 'pod install' or update your CocoaPods installation.\" >&2\n    exit 1\nfi\n# This output is used by Xcode 'outputs' to avoid re-running this script phase.\necho \"SUCCESS\" > \"${SCRIPT_OUTPUT_FILE_0}\"\n";
			showEnvVarsInLog = 0;
		};
/* End PBXShellScriptBuildPhase section */

/* Begin PBXSourcesBuildPhase section */
		A25F11342C33D86D000706BE /* Sources */ = {
			isa = PBXSourcesBuildPhase;
			buildActionMask = 2147483647;
			files = (
				A25F113C2C33D86D000706BE /* AppDelegate.swift in Sources */,
				A21D2B972C358E19001AE115 /* PWImageView.swift in Sources */,
				A2310CF02C369958009BFF06 /* UIImageView+Extension.swift in Sources */,
				A25F11462C33D86D000706BE /* Pinsoft_WeatherApp.xcdatamodeld in Sources */,
				A2310CF62C36D42C009BFF06 /* PWWeatherListView.swift in Sources */,
				A2AF994F2C50DC8C0047EC56 /* PWError.swift in Sources */,
				A25F118C2C33E8C5000706BE /* PWWeatherService.swift in Sources */,
				A20CDF212C3EC0F100CFED10 /* CrashViewController.swift in Sources */,
				A28EC7A32C37D2DB00DE4815 /* PWWeatherDetailViewModel.swift in Sources */,
				A2D4B9B22C3FC25E00542A61 /* UIView+Extension.swift in Sources */,
				A2310CF32C36C0F9009BFF06 /* Constants.swift in Sources */,
				A21D2B902C357CD6001AE115 /* WeatherDescription.swift in Sources */,
				A25F117F2C33DE3D000706BE /* PWWeatherListViewController.swift in Sources */,
				A287A0252C352276009D2726 /* PWForecastView.swift in Sources */,
				A25F118E2C33E97A000706BE /* Forecast.swift in Sources */,
				A25F113E2C33D86D000706BE /* SceneDelegate.swift in Sources */,
				A2AF99512C50EEBB0047EC56 /* PWAlertContainerView.swift in Sources */,
				A25F11882C33E8A9000706BE /* Weather.swift in Sources */,
				A2AF99572C50F6AD0047EC56 /* PWAlertViewController.swift in Sources */,
				A21D2B942C358B86001AE115 /* PWLabel.swift in Sources */,
				A229449B2C41138E00857796 /* PWEmptyFavoritesView.swift in Sources */,
				A25F118A2C33E8B7000706BE /* CoreDataStack.swift in Sources */,
				A235AD9E2C4E4C580076A70A /* PWEndpoint.swift in Sources */,
				A235ADA02C4E4D9B0076A70A /* PWAPIManager.swift in Sources */,
				A2310CF82C36DBDD009BFF06 /* PWFavoritesView.swift in Sources */,
				A25F117B2C33DDE9000706BE /* PWTabBarController.swift in Sources */,
				A25F11862C33E87D000706BE /* PWWeatherCell.swift in Sources */,
				A235AD9C2C4E4C090076A70A /* PWNetworkService.swift in Sources */,
				A2310CEE2C368B9A009BFF06 /* WeatherDescription+Extension.swift in Sources */,
				A25F11842C33E857000706BE /* PWWeatherDetailViewController.swift in Sources */,
				A2310CEC2C3687C4009BFF06 /* Date+Extension.swift in Sources */,
				A25F11B32C33F66B000706BE /* WeatherEntity+CoreDataClass.swift in Sources */,
				A25F11B42C33F66B000706BE /* WeatherEntity+CoreDataProperties.swift in Sources */,
				A25F11B52C33F66B000706BE /* ForecastEntity+CoreDataClass.swift in Sources */,
				A2F28D922C340FF200493115 /* PWWeatherListViewModel.swift in Sources */,
				A28EC7A12C37D2C200DE4815 /* PWWeatherDetailView.swift in Sources */,
				A25F11B62C33F66B000706BE /* ForecastEntity+CoreDataProperties.swift in Sources */,
				A25F11812C33DE78000706BE /* PWFavoritesViewController.swift in Sources */,
				A21D2B9A2C3594EA001AE115 /* PWStackView.swift in Sources */,
				A2AF99542C50EFD60047EC56 /* PWButton.swift in Sources */,
				A249D39A2C33F8DA00E65163 /* WeatherEntity+Extension.swift in Sources */,
				A2F28D962C34122D00493115 /* PWFavoritesViewModel.swift in Sources */,
			);
			runOnlyForDeploymentPostprocessing = 0;
		};
		A25F114D2C33D86E000706BE /* Sources */ = {
			isa = PBXSourcesBuildPhase;
			buildActionMask = 2147483647;
			files = (
				A2A7A4182C3C03400084397F /* PWWeatherListViewModelTests.swift in Sources */,
				A2FCE89D2C53B64900519BDD /* PWWeatherServiceTests.swift in Sources */,
				A239339E2C3D28C8006D458C /* PWWeatherDetailViewModelTests.swift in Sources */,
				A28612C12C3C1F7E0001D9DF /* PWFavoritesViewModelTests.swift in Sources */,
			);
			runOnlyForDeploymentPostprocessing = 0;
		};
/* End PBXSourcesBuildPhase section */

/* Begin PBXTargetDependency section */
		A25F11532C33D86E000706BE /* PBXTargetDependency */ = {
			isa = PBXTargetDependency;
			target = A25F11372C33D86D000706BE /* Pinsoft-WeatherApp */;
			targetProxy = A25F11522C33D86E000706BE /* PBXContainerItemProxy */;
		};
/* End PBXTargetDependency section */

/* Begin PBXVariantGroup section */
		A25F11492C33D86E000706BE /* LaunchScreen.storyboard */ = {
			isa = PBXVariantGroup;
			children = (
				A25F114A2C33D86E000706BE /* Base */,
			);
			name = LaunchScreen.storyboard;
			sourceTree = "<group>";
		};
/* End PBXVariantGroup section */

/* Begin XCBuildConfiguration section */
		A25F11632C33D86E000706BE /* Debug */ = {
			isa = XCBuildConfiguration;
			buildSettings = {
				ALWAYS_SEARCH_USER_PATHS = NO;
				ASSETCATALOG_COMPILER_GENERATE_SWIFT_ASSET_SYMBOL_EXTENSIONS = YES;
				CLANG_ANALYZER_NONNULL = YES;
				CLANG_ANALYZER_NUMBER_OBJECT_CONVERSION = YES_AGGRESSIVE;
				CLANG_CXX_LANGUAGE_STANDARD = "gnu++20";
				CLANG_ENABLE_MODULES = YES;
				CLANG_ENABLE_OBJC_ARC = YES;
				CLANG_ENABLE_OBJC_WEAK = YES;
				CLANG_WARN_BLOCK_CAPTURE_AUTORELEASING = YES;
				CLANG_WARN_BOOL_CONVERSION = YES;
				CLANG_WARN_COMMA = YES;
				CLANG_WARN_CONSTANT_CONVERSION = YES;
				CLANG_WARN_DEPRECATED_OBJC_IMPLEMENTATIONS = YES;
				CLANG_WARN_DIRECT_OBJC_ISA_USAGE = YES_ERROR;
				CLANG_WARN_DOCUMENTATION_COMMENTS = YES;
				CLANG_WARN_EMPTY_BODY = YES;
				CLANG_WARN_ENUM_CONVERSION = YES;
				CLANG_WARN_INFINITE_RECURSION = YES;
				CLANG_WARN_INT_CONVERSION = YES;
				CLANG_WARN_NON_LITERAL_NULL_CONVERSION = YES;
				CLANG_WARN_OBJC_IMPLICIT_RETAIN_SELF = YES;
				CLANG_WARN_OBJC_LITERAL_CONVERSION = YES;
				CLANG_WARN_OBJC_ROOT_CLASS = YES_ERROR;
				CLANG_WARN_QUOTED_INCLUDE_IN_FRAMEWORK_HEADER = YES;
				CLANG_WARN_RANGE_LOOP_ANALYSIS = YES;
				CLANG_WARN_STRICT_PROTOTYPES = YES;
				CLANG_WARN_SUSPICIOUS_MOVE = YES;
				CLANG_WARN_UNGUARDED_AVAILABILITY = YES_AGGRESSIVE;
				CLANG_WARN_UNREACHABLE_CODE = YES;
				CLANG_WARN__DUPLICATE_METHOD_MATCH = YES;
				COPY_PHASE_STRIP = NO;
				DEBUG_INFORMATION_FORMAT = dwarf;
				ENABLE_STRICT_OBJC_MSGSEND = YES;
				ENABLE_TESTABILITY = YES;
				ENABLE_USER_SCRIPT_SANDBOXING = YES;
				GCC_C_LANGUAGE_STANDARD = gnu17;
				GCC_DYNAMIC_NO_PIC = NO;
				GCC_NO_COMMON_BLOCKS = YES;
				GCC_OPTIMIZATION_LEVEL = 0;
				GCC_PREPROCESSOR_DEFINITIONS = (
					"DEBUG=1",
					"$(inherited)",
				);
				GCC_WARN_64_TO_32_BIT_CONVERSION = YES;
				GCC_WARN_ABOUT_RETURN_TYPE = YES_ERROR;
				GCC_WARN_UNDECLARED_SELECTOR = YES;
				GCC_WARN_UNINITIALIZED_AUTOS = YES_AGGRESSIVE;
				GCC_WARN_UNUSED_FUNCTION = YES;
				GCC_WARN_UNUSED_VARIABLE = YES;
				IPHONEOS_DEPLOYMENT_TARGET = 17.5;
				LOCALIZATION_PREFERS_STRING_CATALOGS = YES;
				MTL_ENABLE_DEBUG_INFO = INCLUDE_SOURCE;
				MTL_FAST_MATH = YES;
				ONLY_ACTIVE_ARCH = YES;
				SDKROOT = iphoneos;
				SWIFT_ACTIVE_COMPILATION_CONDITIONS = "DEBUG $(inherited)";
				SWIFT_OPTIMIZATION_LEVEL = "-Onone";
			};
			name = Debug;
		};
		A25F11642C33D86E000706BE /* Release */ = {
			isa = XCBuildConfiguration;
			buildSettings = {
				ALWAYS_SEARCH_USER_PATHS = NO;
				ASSETCATALOG_COMPILER_GENERATE_SWIFT_ASSET_SYMBOL_EXTENSIONS = YES;
				CLANG_ANALYZER_NONNULL = YES;
				CLANG_ANALYZER_NUMBER_OBJECT_CONVERSION = YES_AGGRESSIVE;
				CLANG_CXX_LANGUAGE_STANDARD = "gnu++20";
				CLANG_ENABLE_MODULES = YES;
				CLANG_ENABLE_OBJC_ARC = YES;
				CLANG_ENABLE_OBJC_WEAK = YES;
				CLANG_WARN_BLOCK_CAPTURE_AUTORELEASING = YES;
				CLANG_WARN_BOOL_CONVERSION = YES;
				CLANG_WARN_COMMA = YES;
				CLANG_WARN_CONSTANT_CONVERSION = YES;
				CLANG_WARN_DEPRECATED_OBJC_IMPLEMENTATIONS = YES;
				CLANG_WARN_DIRECT_OBJC_ISA_USAGE = YES_ERROR;
				CLANG_WARN_DOCUMENTATION_COMMENTS = YES;
				CLANG_WARN_EMPTY_BODY = YES;
				CLANG_WARN_ENUM_CONVERSION = YES;
				CLANG_WARN_INFINITE_RECURSION = YES;
				CLANG_WARN_INT_CONVERSION = YES;
				CLANG_WARN_NON_LITERAL_NULL_CONVERSION = YES;
				CLANG_WARN_OBJC_IMPLICIT_RETAIN_SELF = YES;
				CLANG_WARN_OBJC_LITERAL_CONVERSION = YES;
				CLANG_WARN_OBJC_ROOT_CLASS = YES_ERROR;
				CLANG_WARN_QUOTED_INCLUDE_IN_FRAMEWORK_HEADER = YES;
				CLANG_WARN_RANGE_LOOP_ANALYSIS = YES;
				CLANG_WARN_STRICT_PROTOTYPES = YES;
				CLANG_WARN_SUSPICIOUS_MOVE = YES;
				CLANG_WARN_UNGUARDED_AVAILABILITY = YES_AGGRESSIVE;
				CLANG_WARN_UNREACHABLE_CODE = YES;
				CLANG_WARN__DUPLICATE_METHOD_MATCH = YES;
				COPY_PHASE_STRIP = NO;
				DEBUG_INFORMATION_FORMAT = "dwarf-with-dsym";
				ENABLE_NS_ASSERTIONS = NO;
				ENABLE_STRICT_OBJC_MSGSEND = YES;
				ENABLE_USER_SCRIPT_SANDBOXING = YES;
				GCC_C_LANGUAGE_STANDARD = gnu17;
				GCC_NO_COMMON_BLOCKS = YES;
				GCC_WARN_64_TO_32_BIT_CONVERSION = YES;
				GCC_WARN_ABOUT_RETURN_TYPE = YES_ERROR;
				GCC_WARN_UNDECLARED_SELECTOR = YES;
				GCC_WARN_UNINITIALIZED_AUTOS = YES_AGGRESSIVE;
				GCC_WARN_UNUSED_FUNCTION = YES;
				GCC_WARN_UNUSED_VARIABLE = YES;
				IPHONEOS_DEPLOYMENT_TARGET = 17.5;
				LOCALIZATION_PREFERS_STRING_CATALOGS = YES;
				MTL_ENABLE_DEBUG_INFO = NO;
				MTL_FAST_MATH = YES;
				SDKROOT = iphoneos;
				SWIFT_COMPILATION_MODE = wholemodule;
				VALIDATE_PRODUCT = YES;
			};
			name = Release;
		};
		A25F11662C33D86E000706BE /* Debug */ = {
			isa = XCBuildConfiguration;
			baseConfigurationReference = 667E01568D2905308F607162 /* Pods-Pinsoft-WeatherApp.debug.xcconfig */;
			buildSettings = {
				ALWAYS_EMBED_SWIFT_STANDARD_LIBRARIES = YES;
				ASSETCATALOG_COMPILER_APPICON_NAME = AppIcon;
				ASSETCATALOG_COMPILER_GLOBAL_ACCENT_COLOR_NAME = AccentColor;
				CODE_SIGN_STYLE = Automatic;
				CURRENT_PROJECT_VERSION = 2;
				DEBUG_INFORMATION_FORMAT = "dwarf-with-dsym";
				DEVELOPMENT_TEAM = 79CS75S5DL;
				GENERATE_INFOPLIST_FILE = YES;
				INFOPLIST_FILE = "Pinsoft-WeatherApp/Info.plist";
				INFOPLIST_KEY_UIApplicationSupportsIndirectInputEvents = YES;
				INFOPLIST_KEY_UILaunchStoryboardName = LaunchScreen;
				INFOPLIST_KEY_UISupportedInterfaceOrientations = UIInterfaceOrientationPortrait;
				IPHONEOS_DEPLOYMENT_TARGET = 17.0;
				LD_RUNPATH_SEARCH_PATHS = (
					"$(inherited)",
					"@executable_path/Frameworks",
				);
				MARKETING_VERSION = 1.2;
				PRODUCT_BUNDLE_IDENTIFIER = "com.celilcagataygedik.Pinsoft-WeatherApp";
				PRODUCT_NAME = "$(TARGET_NAME)";
				SUPPORTED_PLATFORMS = "iphoneos iphonesimulator";
				SUPPORTS_MACCATALYST = NO;
				SUPPORTS_MAC_DESIGNED_FOR_IPHONE_IPAD = NO;
				SUPPORTS_XR_DESIGNED_FOR_IPHONE_IPAD = NO;
				SWIFT_EMIT_LOC_STRINGS = YES;
				SWIFT_VERSION = 5.0;
				TARGETED_DEVICE_FAMILY = "1,2";
			};
			name = Debug;
		};
		A25F11672C33D86E000706BE /* Release */ = {
			isa = XCBuildConfiguration;
			baseConfigurationReference = D04CFE983958144FE3D74988 /* Pods-Pinsoft-WeatherApp.release.xcconfig */;
			buildSettings = {
				ALWAYS_EMBED_SWIFT_STANDARD_LIBRARIES = YES;
				ASSETCATALOG_COMPILER_APPICON_NAME = AppIcon;
				ASSETCATALOG_COMPILER_GLOBAL_ACCENT_COLOR_NAME = AccentColor;
				CODE_SIGN_STYLE = Automatic;
				CURRENT_PROJECT_VERSION = 2;
				DEVELOPMENT_TEAM = 79CS75S5DL;
				GENERATE_INFOPLIST_FILE = YES;
				INFOPLIST_FILE = "Pinsoft-WeatherApp/Info.plist";
				INFOPLIST_KEY_UIApplicationSupportsIndirectInputEvents = YES;
				INFOPLIST_KEY_UILaunchStoryboardName = LaunchScreen;
				INFOPLIST_KEY_UISupportedInterfaceOrientations = UIInterfaceOrientationPortrait;
				IPHONEOS_DEPLOYMENT_TARGET = 17.0;
				LD_RUNPATH_SEARCH_PATHS = (
					"$(inherited)",
					"@executable_path/Frameworks",
				);
				MARKETING_VERSION = 1.2;
				PRODUCT_BUNDLE_IDENTIFIER = "com.celilcagataygedik.Pinsoft-WeatherApp";
				PRODUCT_NAME = "$(TARGET_NAME)";
				SUPPORTED_PLATFORMS = "iphoneos iphonesimulator";
				SUPPORTS_MACCATALYST = NO;
				SUPPORTS_MAC_DESIGNED_FOR_IPHONE_IPAD = NO;
				SUPPORTS_XR_DESIGNED_FOR_IPHONE_IPAD = NO;
				SWIFT_EMIT_LOC_STRINGS = YES;
				SWIFT_VERSION = 5.0;
				TARGETED_DEVICE_FAMILY = "1,2";
			};
			name = Release;
		};
		A25F11692C33D86E000706BE /* Debug */ = {
			isa = XCBuildConfiguration;
			baseConfigurationReference = 86390068224D588D99C5B2F7 /* Pods-Pinsoft-WeatherAppTests.debug.xcconfig */;
			buildSettings = {
				ALWAYS_EMBED_SWIFT_STANDARD_LIBRARIES = YES;
				BUNDLE_LOADER = "$(TEST_HOST)";
				CODE_SIGN_STYLE = Automatic;
				CURRENT_PROJECT_VERSION = 1;
				DEVELOPMENT_TEAM = 79CS75S5DL;
				GENERATE_INFOPLIST_FILE = YES;
				IPHONEOS_DEPLOYMENT_TARGET = 17.5;
				MARKETING_VERSION = 1.0;
				PRODUCT_BUNDLE_IDENTIFIER = "com.celilcagataygedik.Pinsoft-WeatherAppTests";
				PRODUCT_NAME = "$(TARGET_NAME)";
				SWIFT_EMIT_LOC_STRINGS = NO;
				SWIFT_VERSION = 5.0;
				TARGETED_DEVICE_FAMILY = "1,2";
				TEST_HOST = "$(BUILT_PRODUCTS_DIR)/Pinsoft-WeatherApp.app/$(BUNDLE_EXECUTABLE_FOLDER_PATH)/Pinsoft-WeatherApp";
			};
			name = Debug;
		};
		A25F116A2C33D86E000706BE /* Release */ = {
			isa = XCBuildConfiguration;
			baseConfigurationReference = 6871DA9E306AF3D916B2D924 /* Pods-Pinsoft-WeatherAppTests.release.xcconfig */;
			buildSettings = {
				ALWAYS_EMBED_SWIFT_STANDARD_LIBRARIES = YES;
				BUNDLE_LOADER = "$(TEST_HOST)";
				CODE_SIGN_STYLE = Automatic;
				CURRENT_PROJECT_VERSION = 1;
				DEVELOPMENT_TEAM = 79CS75S5DL;
				GENERATE_INFOPLIST_FILE = YES;
				IPHONEOS_DEPLOYMENT_TARGET = 17.5;
				MARKETING_VERSION = 1.0;
				PRODUCT_BUNDLE_IDENTIFIER = "com.celilcagataygedik.Pinsoft-WeatherAppTests";
				PRODUCT_NAME = "$(TARGET_NAME)";
				SWIFT_EMIT_LOC_STRINGS = NO;
				SWIFT_VERSION = 5.0;
				TARGETED_DEVICE_FAMILY = "1,2";
				TEST_HOST = "$(BUILT_PRODUCTS_DIR)/Pinsoft-WeatherApp.app/$(BUNDLE_EXECUTABLE_FOLDER_PATH)/Pinsoft-WeatherApp";
			};
			name = Release;
		};
/* End XCBuildConfiguration section */

/* Begin XCConfigurationList section */
		A25F11332C33D86D000706BE /* Build configuration list for PBXProject "Pinsoft-WeatherApp" */ = {
			isa = XCConfigurationList;
			buildConfigurations = (
				A25F11632C33D86E000706BE /* Debug */,
				A25F11642C33D86E000706BE /* Release */,
			);
			defaultConfigurationIsVisible = 0;
			defaultConfigurationName = Release;
		};
		A25F11652C33D86E000706BE /* Build configuration list for PBXNativeTarget "Pinsoft-WeatherApp" */ = {
			isa = XCConfigurationList;
			buildConfigurations = (
				A25F11662C33D86E000706BE /* Debug */,
				A25F11672C33D86E000706BE /* Release */,
			);
			defaultConfigurationIsVisible = 0;
			defaultConfigurationName = Release;
		};
		A25F11682C33D86E000706BE /* Build configuration list for PBXNativeTarget "Pinsoft-WeatherAppTests" */ = {
			isa = XCConfigurationList;
			buildConfigurations = (
				A25F11692C33D86E000706BE /* Debug */,
				A25F116A2C33D86E000706BE /* Release */,
			);
			defaultConfigurationIsVisible = 0;
			defaultConfigurationName = Release;
		};
/* End XCConfigurationList section */

/* Begin XCRemoteSwiftPackageReference section */
		A22549EE2C3E8AA9002EA024 /* XCRemoteSwiftPackageReference "firebase-ios-sdk" */ = {
			isa = XCRemoteSwiftPackageReference;
			repositoryURL = "https://github.com/firebase/firebase-ios-sdk";
			requirement = {
				kind = upToNextMajorVersion;
				minimumVersion = 10.29.0;
			};
		};
		A25F11722C33D97A000706BE /* XCRemoteSwiftPackageReference "SnapKit" */ = {
			isa = XCRemoteSwiftPackageReference;
			repositoryURL = "https://github.com/SnapKit/SnapKit";
			requirement = {
				kind = upToNextMajorVersion;
				minimumVersion = 5.7.1;
			};
		};
		A25F11752C33D9CC000706BE /* XCRemoteSwiftPackageReference "Alamofire" */ = {
			isa = XCRemoteSwiftPackageReference;
			repositoryURL = "https://github.com/Alamofire/Alamofire";
			requirement = {
				kind = upToNextMajorVersion;
				minimumVersion = 5.9.1;
			};
		};
/* End XCRemoteSwiftPackageReference section */

/* Begin XCSwiftPackageProductDependency section */
		A20CDF1E2C3EA61800CFED10 /* FirebaseAppDistribution-Beta */ = {
			isa = XCSwiftPackageProductDependency;
			package = A22549EE2C3E8AA9002EA024 /* XCRemoteSwiftPackageReference "firebase-ios-sdk" */;
			productName = "FirebaseAppDistribution-Beta";
		};
		A22549F12C3E8AA9002EA024 /* FirebaseCrashlytics */ = {
			isa = XCSwiftPackageProductDependency;
			package = A22549EE2C3E8AA9002EA024 /* XCRemoteSwiftPackageReference "firebase-ios-sdk" */;
			productName = FirebaseCrashlytics;
		};
		A25F11732C33D97A000706BE /* SnapKit */ = {
			isa = XCSwiftPackageProductDependency;
			package = A25F11722C33D97A000706BE /* XCRemoteSwiftPackageReference "SnapKit" */;
			productName = SnapKit;
		};
		A25F11762C33D9CC000706BE /* Alamofire */ = {
			isa = XCSwiftPackageProductDependency;
			package = A25F11752C33D9CC000706BE /* XCRemoteSwiftPackageReference "Alamofire" */;
			productName = Alamofire;
		};
/* End XCSwiftPackageProductDependency section */

/* Begin XCVersionGroup section */
		A25F11442C33D86D000706BE /* Pinsoft_WeatherApp.xcdatamodeld */ = {
			isa = XCVersionGroup;
			children = (
				A25F11452C33D86D000706BE /* Pinsoft_WeatherApp.xcdatamodel */,
			);
			currentVersion = A25F11452C33D86D000706BE /* Pinsoft_WeatherApp.xcdatamodel */;
			path = Pinsoft_WeatherApp.xcdatamodeld;
			sourceTree = "<group>";
			versionGroupType = wrapper.xcdatamodel;
		};
/* End XCVersionGroup section */
	};
	rootObject = A25F11302C33D86D000706BE /* Project object */;
}
